
Microsoft Visual Studio Solution File, Format Version 12.00
Project("{2150E333-8FDC-42A3-9474-1A3956D46DE8}") = "src", "src", "{59ABADF2-0227-439C-845D-9B24877C2CB7}"
EndProject
Project("{FAE04EC0-301F-11D3-BF4B-00C04F79EFBC}") = "NanoStandard", "src\NanoStandard\NanoStandard.csproj", "{09C5C25B-ED73-4853-8777-A92E05D9D6F4}"
EndProject
Project("{FAE04EC0-301F-11D3-BF4B-00C04F79EFBC}") = "NanoExtras", "src\NanoExtras\NanoExtras.csproj", "{C5CD036E-1382-4057-A315-5F8DF5B4B7AA}"
EndProject
Project("{2150E333-8FDC-42A3-9474-1A3956D46DE8}") = "samples", "samples", "{D30F3A8D-8F8B-47BA-AEB8-C4E23E7819FF}"
EndProject
Project("{FAE04EC0-301F-11D3-BF4B-00C04F79EFBC}") = "SampleLib", "samples\SampleLib\SampleLib.csproj", "{23411B39-913E-4BCB-97AE-E4F82D17C9D6}"
EndProject
Project("{FAE04EC0-301F-11D3-BF4B-00C04F79EFBC}") = "SampleRunner", "samples\SampleRunner\SampleRunner.csproj", "{42146FD3-D3A4-465E-BA8F-771D6B1CA04E}"
EndProject
Project("{2150E333-8FDC-42A3-9474-1A3956D46DE8}") = "build", "build", "{09C75AE6-A5F6-486E-840F-77A226001254}"
	ProjectSection(SolutionItems) = preProject
		Directory.Build.targets = Directory.Build.targets
	EndProjectSection
EndProject
Global
	GlobalSection(SolutionConfigurationPlatforms) = preSolution
		Debug|Any CPU = Debug|Any CPU
		Release|Any CPU = Release|Any CPU
	EndGlobalSection
	GlobalSection(NestedProjects) = preSolution
		{09C5C25B-ED73-4853-8777-A92E05D9D6F4} = {59ABADF2-0227-439C-845D-9B24877C2CB7}
		{C5CD036E-1382-4057-A315-5F8DF5B4B7AA} = {59ABADF2-0227-439C-845D-9B24877C2CB7}
		{23411B39-913E-4BCB-97AE-E4F82D17C9D6} = {D30F3A8D-8F8B-47BA-AEB8-C4E23E7819FF}
		{42146FD3-D3A4-465E-BA8F-771D6B1CA04E} = {D30F3A8D-8F8B-47BA-AEB8-C4E23E7819FF}
	EndGlobalSection
	GlobalSection(ProjectConfigurationPlatforms) = postSolution
		{09C5C25B-ED73-4853-8777-A92E05D9D6F4}.Debug|Any CPU.ActiveCfg = Debug|Any CPU
		{09C5C25B-ED73-4853-8777-A92E05D9D6F4}.Debug|Any CPU.Build.0 = Debug|Any CPU
		{09C5C25B-ED73-4853-8777-A92E05D9D6F4}.Release|Any CPU.ActiveCfg = Release|Any CPU
		{09C5C25B-ED73-4853-8777-A92E05D9D6F4}.Release|Any CPU.Build.0 = Release|Any CPU
		{C5CD036E-1382-4057-A315-5F8DF5B4B7AA}.Debug|Any CPU.ActiveCfg = Debug|Any CPU
		{C5CD036E-1382-4057-A315-5F8DF5B4B7AA}.Debug|Any CPU.Build.0 = Debug|Any CPU
		{C5CD036E-1382-4057-A315-5F8DF5B4B7AA}.Release|Any CPU.ActiveCfg = Release|Any CPU
		{C5CD036E-1382-4057-A315-5F8DF5B4B7AA}.Release|Any CPU.Build.0 = Release|Any CPU
		{23411B39-913E-4BCB-97AE-E4F82D17C9D6}.Debug|Any CPU.ActiveCfg = Debug|Any CPU
		{23411B39-913E-4BCB-97AE-E4F82D17C9D6}.Debug|Any CPU.Build.0 = Debug|Any CPU
		{23411B39-913E-4BCB-97AE-E4F82D17C9D6}.Release|Any CPU.ActiveCfg = Release|Any CPU
		{23411B39-913E-4BCB-97AE-E4F82D17C9D6}.Release|Any CPU.Build.0 = Release|Any CPU
		{42146FD3-D3A4-465E-BA8F-771D6B1CA04E}.Debug|Any CPU.ActiveCfg = Debug|Any CPU
		{42146FD3-D3A4-465E-BA8F-771D6B1CA04E}.Debug|Any CPU.Build.0 = Debug|Any CPU
		{42146FD3-D3A4-465E-BA8F-771D6B1CA04E}.Release|Any CPU.ActiveCfg = Release|Any CPU
		{42146FD3-D3A4-465E-BA8F-771D6B1CA04E}.Release|Any CPU.Build.0 = Release|Any CPU
	EndGlobalSection
EndGlobal
